
Microsoft Visual Studio Solution File, Format Version 12.00
# Visual Studio Version 16
VisualStudioVersion = 16.0.29503.13
MinimumVisualStudioVersion = 10.0.40219.1
Project("{888888A0-9F3D-457C-B088-3A5042F75D52}") = "dasddsadsad", "dasddsadsad\dasddsadsad.pyproj", "{1AD19C80-17E5-4B78-B4A5-1918A4592B49}"
EndProject
Global
	GlobalSection(SolutionConfigurationPlatforms) = preSolution
		Debug|Any CPU = Debug|Any CPU
		Release|Any CPU = Release|Any CPU
	EndGlobalSection
	GlobalSection(ProjectConfigurationPlatforms) = postSolution
		{1AD19C80-17E5-4B78-B4A5-1918A4592B49}.Debug|Any CPU.ActiveCfg = Debug|Any CPU
		{1AD19C80-17E5-4B78-B4A5-1918A4592B49}.Release|Any CPU.ActiveCfg = Release|Any CPU
	EndGlobalSection
	GlobalSection(SolutionProperties) = preSolution
		HideSolutionNode = FALSE
	EndGlobalSection
	GlobalSection(ExtensibilityGlobals) = postSolution
		SolutionGuid = {C59EEF8B-29C3-40C5-AB27-6BD0DF29CB25}
	EndGlobalSection
EndGlobal
