
Microsoft Visual Studio Solution File, Format Version 12.00
# Visual Studio Version 16
VisualStudioVersion = 16.0.29215.179
MinimumVisualStudioVersion = 10.0.40219.1
Project("{888888A0-9F3D-457C-B088-3A5042F75D52}") = "PythonApplication11", "PythonApplication11\PythonApplication11.pyproj", "{ED2A49D6-94BD-44DB-BEC6-CB47074D3F85}"
EndProject
Global
	GlobalSection(SolutionConfigurationPlatforms) = preSolution
		Debug|Any CPU = Debug|Any CPU
		Release|Any CPU = Release|Any CPU
	EndGlobalSection
	GlobalSection(ProjectConfigurationPlatforms) = postSolution
		{ED2A49D6-94BD-44DB-BEC6-CB47074D3F85}.Debug|Any CPU.ActiveCfg = Debug|Any CPU
		{ED2A49D6-94BD-44DB-BEC6-CB47074D3F85}.Release|Any CPU.ActiveCfg = Release|Any CPU
	EndGlobalSection
	GlobalSection(SolutionProperties) = preSolution
		HideSolutionNode = FALSE
	EndGlobalSection
	GlobalSection(ExtensibilityGlobals) = postSolution
		SolutionGuid = {62356A7D-4D9E-43FC-8DD8-3F521BF76E50}
	EndGlobalSection
EndGlobal
