
Microsoft Visual Studio Solution File, Format Version 12.00
# Visual Studio Version 16
VisualStudioVersion = 16.0.29503.13
MinimumVisualStudioVersion = 10.0.40219.1
Project("{888888A0-9F3D-457C-B088-3A5042F75D52}") = "Py_1111", "Py_1111\Py_1111.pyproj", "{A1E5B648-DF2D-4275-B504-D4CEF6C97F27}"
EndProject
Project("{888888A0-9F3D-457C-B088-3A5042F75D52}") = "PythonApplication1", "PythonApplication1\PythonApplication1.pyproj", "{1C712A56-778F-4C72-8223-F1911F04E8B2}"
EndProject
Global
	GlobalSection(SolutionConfigurationPlatforms) = preSolution
		Debug|Any CPU = Debug|Any CPU
		Release|Any CPU = Release|Any CPU
	EndGlobalSection
	GlobalSection(ProjectConfigurationPlatforms) = postSolution
		{A1E5B648-DF2D-4275-B504-D4CEF6C97F27}.Debug|Any CPU.ActiveCfg = Debug|Any CPU
		{A1E5B648-DF2D-4275-B504-D4CEF6C97F27}.Release|Any CPU.ActiveCfg = Release|Any CPU
		{1C712A56-778F-4C72-8223-F1911F04E8B2}.Debug|Any CPU.ActiveCfg = Debug|Any CPU
		{1C712A56-778F-4C72-8223-F1911F04E8B2}.Release|Any CPU.ActiveCfg = Release|Any CPU
	EndGlobalSection
	GlobalSection(SolutionProperties) = preSolution
		HideSolutionNode = FALSE
	EndGlobalSection
	GlobalSection(ExtensibilityGlobals) = postSolution
		SolutionGuid = {3DB706C1-F4A8-4710-B6E6-3FACE95CA2C0}
	EndGlobalSection
EndGlobal
